// !$*UTF8*$!
{
	archiveVersion = 1;
	classes = {
	};
	objectVersion = 46;
	objects = {

/* Begin PBXBuildFile section */
		49B2A6C81DC83560008A9F6C /* main.m in Sources */ = {isa = PBXBuildFile; fileRef = 49B2A6C71DC83560008A9F6C /* main.m */; };
		49B2A6CB1DC83560008A9F6C /* AppDelegate.m in Sources */ = {isa = PBXBuildFile; fileRef = 49B2A6CA1DC83560008A9F6C /* AppDelegate.m */; };
		49B2A6D31DC83560008A9F6C /* Assets.xcassets in Resources */ = {isa = PBXBuildFile; fileRef = 49B2A6D21DC83560008A9F6C /* Assets.xcassets */; };
		714AB41A1DE72B45006F1392 /* Images.xcassets in Resources */ = {isa = PBXBuildFile; fileRef = 714AB4191DE72B45006F1392 /* Images.xcassets */; };
		71EC46F11DE28669002672B8 /* LaunchScreen.storyboard in Resources */ = {isa = PBXBuildFile; fileRef = 71EC46F01DE28669002672B8 /* LaunchScreen.storyboard */; };
		97E3A755CBA3BECCA7204B23 /* libPods-GYLib.a in Frameworks */ = {isa = PBXBuildFile; fileRef = 7E1AAD0B33B5E7458D247099 /* libPods-GYLib.a */; };
/* End PBXBuildFile section */

/* Begin PBXCopyFilesBuildPhase section */
		719B9E0B1DDFF4D2007A9035 /* CopyFiles */ = {
			isa = PBXCopyFilesBuildPhase;
			buildActionMask = 2147483647;
			dstPath = "";
			dstSubfolderSpec = 10;
			files = (
			);
			runOnlyForDeploymentPostprocessing = 0;
		};
/* End PBXCopyFilesBuildPhase section */

/* Begin PBXFileReference section */
		1EAD3D18D090B24616B41DD0 /* Pods-GYLib.release.xcconfig */ = {isa = PBXFileReference; includeInIndex = 1; lastKnownFileType = text.xcconfig; name = "Pods-GYLib.release.xcconfig"; path = "Pods/Target Support Files/Pods-GYLib/Pods-GYLib.release.xcconfig"; sourceTree = "<group>"; };
		490CA8811DC994020060F024 /* libz.tbd */ = {isa = PBXFileReference; lastKnownFileType = "sourcecode.text-based-dylib-definition"; name = libz.tbd; path = usr/lib/libz.tbd; sourceTree = SDKROOT; };
		490CA8831DC9940A0060F024 /* libsqlite3.tbd */ = {isa = PBXFileReference; lastKnownFileType = "sourcecode.text-based-dylib-definition"; name = libsqlite3.tbd; path = usr/lib/libsqlite3.tbd; sourceTree = SDKROOT; };
		49B2A6C31DC8355F008A9F6C /* GYLib.app */ = {isa = PBXFileReference; explicitFileType = wrapper.application; includeInIndex = 0; path = GYLib.app; sourceTree = BUILT_PRODUCTS_DIR; };
		49B2A6C71DC83560008A9F6C /* main.m */ = {isa = PBXFileReference; lastKnownFileType = sourcecode.c.objc; path = main.m; sourceTree = "<group>"; };
		49B2A6C91DC83560008A9F6C /* AppDelegate.h */ = {isa = PBXFileReference; lastKnownFileType = sourcecode.c.h; path = AppDelegate.h; sourceTree = "<group>"; };
		49B2A6CA1DC83560008A9F6C /* AppDelegate.m */ = {isa = PBXFileReference; lastKnownFileType = sourcecode.c.objc; path = AppDelegate.m; sourceTree = "<group>"; };
		49B2A6D21DC83560008A9F6C /* Assets.xcassets */ = {isa = PBXFileReference; lastKnownFileType = folder.assetcatalog; path = Assets.xcassets; sourceTree = "<group>"; };
		49B2A6D71DC83560008A9F6C /* Info.plist */ = {isa = PBXFileReference; lastKnownFileType = text.plist.xml; path = Info.plist; sourceTree = "<group>"; };
		714AB4191DE72B45006F1392 /* Images.xcassets */ = {isa = PBXFileReference; lastKnownFileType = folder.assetcatalog; path = Images.xcassets; sourceTree = "<group>"; };
		718037BD1DD969FF00EA7B16 /* libresolv.9.tbd */ = {isa = PBXFileReference; lastKnownFileType = "sourcecode.text-based-dylib-definition"; name = libresolv.9.tbd; path = usr/lib/libresolv.9.tbd; sourceTree = SDKROOT; };
		71EC46F01DE28669002672B8 /* LaunchScreen.storyboard */ = {isa = PBXFileReference; fileEncoding = 4; lastKnownFileType = file.storyboard; path = LaunchScreen.storyboard; sourceTree = "<group>"; };
		7E1AAD0B33B5E7458D247099 /* libPods-GYLib.a */ = {isa = PBXFileReference; explicitFileType = archive.ar; includeInIndex = 0; path = "libPods-GYLib.a"; sourceTree = BUILT_PRODUCTS_DIR; };
		8560F5167B50DBF7FF908F80 /* Pods-GYLib.debug.xcconfig */ = {isa = PBXFileReference; includeInIndex = 1; lastKnownFileType = text.xcconfig; name = "Pods-GYLib.debug.xcconfig"; path = "Pods/Target Support Files/Pods-GYLib/Pods-GYLib.debug.xcconfig"; sourceTree = "<group>"; };
/* End PBXFileReference section */

/* Begin PBXFrameworksBuildPhase section */
		49B2A6C01DC8355F008A9F6C /* Frameworks */ = {
			isa = PBXFrameworksBuildPhase;
			buildActionMask = 2147483647;
			files = (
				97E3A755CBA3BECCA7204B23 /* libPods-GYLib.a in Frameworks */,
			);
			runOnlyForDeploymentPostprocessing = 0;
		};
/* End PBXFrameworksBuildPhase section */

/* Begin PBXGroup section */
		490CA8801DC994020060F024 /* Frameworks */ = {
			isa = PBXGroup;
			children = (
				718037BD1DD969FF00EA7B16 /* libresolv.9.tbd */,
				490CA8831DC9940A0060F024 /* libsqlite3.tbd */,
				490CA8811DC994020060F024 /* libz.tbd */,
				7E1AAD0B33B5E7458D247099 /* libPods-GYLib.a */,
			);
			name = Frameworks;
			sourceTree = "<group>";
		};
		49B2A6BA1DC8355F008A9F6C = {
			isa = PBXGroup;
			children = (
				49B2A6C51DC8355F008A9F6C /* GYLib */,
				49B2A6C41DC8355F008A9F6C /* Products */,
				490CA8801DC994020060F024 /* Frameworks */,
				A919CD21DEBA980AF4C0992A /* Pods */,
			);
			sourceTree = "<group>";
		};
		49B2A6C41DC8355F008A9F6C /* Products */ = {
			isa = PBXGroup;
			children = (
				49B2A6C31DC8355F008A9F6C /* GYLib.app */,
			);
			name = Products;
			sourceTree = "<group>";
		};
		49B2A6C51DC8355F008A9F6C /* GYLib */ = {
			isa = PBXGroup;
			children = (
				49B2A6E51DC83B80008A9F6C /* Others */,
				714AB4191DE72B45006F1392 /* Images.xcassets */,
				49B2A6C61DC83560008A9F6C /* Supporting Files */,
			);
			path = GYLib;
			sourceTree = "<group>";
		};
		49B2A6C61DC83560008A9F6C /* Supporting Files */ = {
			isa = PBXGroup;
			children = (
				49B2A6C71DC83560008A9F6C /* main.m */,
			);
			name = "Supporting Files";
			sourceTree = "<group>";
		};
		49B2A6E51DC83B80008A9F6C /* Others */ = {
			isa = PBXGroup;
			children = (
				49B2A6C91DC83560008A9F6C /* AppDelegate.h */,
				49B2A6CA1DC83560008A9F6C /* AppDelegate.m */,
				49B2A6D21DC83560008A9F6C /* Assets.xcassets */,
				49B2A6D71DC83560008A9F6C /* Info.plist */,
				71EC46F01DE28669002672B8 /* LaunchScreen.storyboard */,
			);
			name = Others;
			sourceTree = "<group>";
		};
		A919CD21DEBA980AF4C0992A /* Pods */ = {
			isa = PBXGroup;
			children = (
				8560F5167B50DBF7FF908F80 /* Pods-GYLib.debug.xcconfig */,
				1EAD3D18D090B24616B41DD0 /* Pods-GYLib.release.xcconfig */,
			);
			name = Pods;
			sourceTree = "<group>";
		};
/* End PBXGroup section */

/* Begin PBXNativeTarget section */
		49B2A6C21DC8355F008A9F6C /* GYLib */ = {
			isa = PBXNativeTarget;
			buildConfigurationList = 49B2A6DA1DC83560008A9F6C /* Build configuration list for PBXNativeTarget "GYLib" */;
			buildPhases = (
				614B4A9EC38F152BB81D866D /* [CP] Check Pods Manifest.lock */,
				49B2A6BF1DC8355F008A9F6C /* Sources */,
				49B2A6C01DC8355F008A9F6C /* Frameworks */,
				49B2A6C11DC8355F008A9F6C /* Resources */,
				719B9E0B1DDFF4D2007A9035 /* CopyFiles */,
				71EEFFF31DEBF60E00F4DB6A /* ShellScript */,
				A2C3AD3B2AF75CCE4B540820 /* [CP] Embed Pods Frameworks */,
				49C7634A03837CAB8DC748CC /* [CP] Copy Pods Resources */,
			);
			buildRules = (
			);
			dependencies = (
			);
			name = GYLib;
			productName = GYLib;
			productReference = 49B2A6C31DC8355F008A9F6C /* GYLib.app */;
			productType = "com.apple.product-type.application";
		};
/* End PBXNativeTarget section */

/* Begin PBXProject section */
		49B2A6BB1DC8355F008A9F6C /* Project object */ = {
			isa = PBXProject;
			attributes = {
				LastUpgradeCheck = 0810;
				ORGANIZATIONNAME = CDBottleApp;
				TargetAttributes = {
					49B2A6C21DC8355F008A9F6C = {
						CreatedOnToolsVersion = 8.0;
						DevelopmentTeam = 8GVE72H6E5;
						ProvisioningStyle = Automatic;
					};
				};
			};
			buildConfigurationList = 49B2A6BE1DC8355F008A9F6C /* Build configuration list for PBXProject "GYLib" */;
			compatibilityVersion = "Xcode 3.2";
			developmentRegion = English;
			hasScannedForEncodings = 0;
			knownRegions = (
				en,
				Base,
			);
			mainGroup = 49B2A6BA1DC8355F008A9F6C;
			productRefGroup = 49B2A6C41DC8355F008A9F6C /* Products */;
			projectDirPath = "";
			projectRoot = "";
			targets = (
				49B2A6C21DC8355F008A9F6C /* GYLib */,
			);
		};
/* End PBXProject section */

/* Begin PBXResourcesBuildPhase section */
		49B2A6C11DC8355F008A9F6C /* Resources */ = {
			isa = PBXResourcesBuildPhase;
			buildActionMask = 2147483647;
			files = (
				714AB41A1DE72B45006F1392 /* Images.xcassets in Resources */,
				71EC46F11DE28669002672B8 /* LaunchScreen.storyboard in Resources */,
				49B2A6D31DC83560008A9F6C /* Assets.xcassets in Resources */,
			);
			runOnlyForDeploymentPostprocessing = 0;
		};
/* End PBXResourcesBuildPhase section */

/* Begin PBXShellScriptBuildPhase section */
		49C7634A03837CAB8DC748CC /* [CP] Copy Pods Resources */ = {
			isa = PBXShellScriptBuildPhase;
			buildActionMask = 2147483647;
			files = (
			);
			inputPaths = (
				"${SRCROOT}/Pods/Target Support Files/Pods-GYLib/Pods-GYLib-resources.sh",
				"${PODS_ROOT}/JPNavigationController/JPNavigationController/JPImage.bundle",
				"${PODS_ROOT}/MJRefresh/MJRefresh/MJRefresh.bundle",
				"${PODS_ROOT}/TZImagePickerController/TZImagePickerController/TZImagePickerController/TZImagePickerController.bundle",
				"${PODS_ROOT}/ZFPlayer/ZFPlayer/ZFPlayer.bundle",
			);
			name = "[CP] Copy Pods Resources";
			outputPaths = (
				"${TARGET_BUILD_DIR}/${UNLOCALIZED_RESOURCES_FOLDER_PATH}",
			);
			runOnlyForDeploymentPostprocessing = 0;
			shellPath = /bin/sh;
			shellScript = "\"${SRCROOT}/Pods/Target Support Files/Pods-GYLib/Pods-GYLib-resources.sh\"\n";
			showEnvVarsInLog = 0;
		};
		614B4A9EC38F152BB81D866D /* [CP] Check Pods Manifest.lock */ = {
			isa = PBXShellScriptBuildPhase;
			buildActionMask = 2147483647;
			files = (
			);
			inputPaths = (
				"${PODS_PODFILE_DIR_PATH}/Podfile.lock",
				"${PODS_ROOT}/Manifest.lock",
			);
			name = "[CP] Check Pods Manifest.lock";
			outputPaths = (
				"$(DERIVED_FILE_DIR)/Pods-GYLib-checkManifestLockResult.txt",
			);
			runOnlyForDeploymentPostprocessing = 0;
			shellPath = /bin/sh;
			shellScript = "diff \"${PODS_PODFILE_DIR_PATH}/Podfile.lock\" \"${PODS_ROOT}/Manifest.lock\" > /dev/null\nif [ $? != 0 ] ; then\n    # print error to STDERR\n    echo \"error: The sandbox is not in sync with the Podfile.lock. Run 'pod install' or update your CocoaPods installation.\" >&2\n    exit 1\nfi\n# This output is used by Xcode 'outputs' to avoid re-running this script phase.\necho \"SUCCESS\" > \"${SCRIPT_OUTPUT_FILE_0}\"\n";
			showEnvVarsInLog = 0;
		};
		71EEFFF31DEBF60E00F4DB6A /* ShellScript */ = {
			isa = PBXShellScriptBuildPhase;
			buildActionMask = 2147483647;
			files = (
			);
			inputPaths = (
			);
			outputPaths = (
			);
			runOnlyForDeploymentPostprocessing = 0;
			shellPath = /bin/sh;
			shellScript = "APP_PATH=\"${TARGET_BUILD_DIR}/${WRAPPER_NAME}\"\n\n# This script loops through the frameworks embedded in the application and\n# removes unused architectures.\nfind \"$APP_PATH\" -name '*.framework' -type d | while read -r FRAMEWORK\ndo\nFRAMEWORK_EXECUTABLE_NAME=$(defaults read \"$FRAMEWORK/Info.plist\" CFBundleExecutable)\nFRAMEWORK_EXECUTABLE_PATH=\"$FRAMEWORK/$FRAMEWORK_EXECUTABLE_NAME\"\necho \"Executable is $FRAMEWORK_EXECUTABLE_PATH\"\n\nEXTRACTED_ARCHS=()\n\nfor ARCH in $ARCHS\ndo\necho \"Extracting $ARCH from $FRAMEWORK_EXECUTABLE_NAME\"\nlipo -extract \"$ARCH\" \"$FRAMEWORK_EXECUTABLE_PATH\" -o \"$FRAMEWORK_EXECUTABLE_PATH-$ARCH\"\nEXTRACTED_ARCHS+=(\"$FRAMEWORK_EXECUTABLE_PATH-$ARCH\")\ndone\n\necho \"Merging extracted architectures: ${ARCHS}\"\nlipo -o \"$FRAMEWORK_EXECUTABLE_PATH-merged\" -create \"${EXTRACTED_ARCHS[@]}\"\nrm \"${EXTRACTED_ARCHS[@]}\"\n\necho \"Replacing original executable with thinned version\"\nrm \"$FRAMEWORK_EXECUTABLE_PATH\"\nmv \"$FRAMEWORK_EXECUTABLE_PATH-merged\" \"$FRAMEWORK_EXECUTABLE_PATH\"\n\ndone";
		};
		A2C3AD3B2AF75CCE4B540820 /* [CP] Embed Pods Frameworks */ = {
			isa = PBXShellScriptBuildPhase;
			buildActionMask = 2147483647;
			files = (
			);
			inputPaths = (
			);
			name = "[CP] Embed Pods Frameworks";
			outputPaths = (
			);
			runOnlyForDeploymentPostprocessing = 0;
			shellPath = /bin/sh;
			shellScript = "\"${SRCROOT}/Pods/Target Support Files/Pods-GYLib/Pods-GYLib-frameworks.sh\"\n";
			showEnvVarsInLog = 0;
		};
/* End PBXShellScriptBuildPhase section */

/* Begin PBXSourcesBuildPhase section */
		49B2A6BF1DC8355F008A9F6C /* Sources */ = {
			isa = PBXSourcesBuildPhase;
			buildActionMask = 2147483647;
			files = (
				49B2A6CB1DC83560008A9F6C /* AppDelegate.m in Sources */,
				49B2A6C81DC83560008A9F6C /* main.m in Sources */,
			);
			runOnlyForDeploymentPostprocessing = 0;
		};
/* End PBXSourcesBuildPhase section */

/* Begin XCBuildConfiguration section */
		49B2A6D81DC83560008A9F6C /* Debug */ = {
			isa = XCBuildConfiguration;
			buildSettings = {
				ALWAYS_SEARCH_USER_PATHS = NO;
				CLANG_ANALYZER_NONNULL = YES;
				CLANG_CXX_LANGUAGE_STANDARD = "gnu++0x";
				CLANG_CXX_LIBRARY = "libc++";
				CLANG_ENABLE_MODULES = YES;
				CLANG_ENABLE_OBJC_ARC = YES;
				CLANG_WARN_BOOL_CONVERSION = YES;
				CLANG_WARN_CONSTANT_CONVERSION = YES;
				CLANG_WARN_DIRECT_OBJC_ISA_USAGE = YES_ERROR;
				CLANG_WARN_DOCUMENTATION_COMMENTS = YES;
				CLANG_WARN_EMPTY_BODY = YES;
				CLANG_WARN_ENUM_CONVERSION = YES;
				CLANG_WARN_INFINITE_RECURSION = YES;
				CLANG_WARN_INT_CONVERSION = YES;
				CLANG_WARN_OBJC_ROOT_CLASS = YES_ERROR;
				CLANG_WARN_SUSPICIOUS_MOVE = YES;
				CLANG_WARN_SUSPICIOUS_MOVES = YES;
				CLANG_WARN_UNREACHABLE_CODE = YES;
				CLANG_WARN__DUPLICATE_METHOD_MATCH = YES;
				"CODE_SIGN_IDENTITY[sdk=iphoneos*]" = "iPhone Developer";
				COPY_PHASE_STRIP = NO;
				DEBUG_INFORMATION_FORMAT = dwarf;
				ENABLE_STRICT_OBJC_MSGSEND = YES;
				ENABLE_TESTABILITY = YES;
				GCC_C_LANGUAGE_STANDARD = gnu99;
				GCC_DYNAMIC_NO_PIC = NO;
				GCC_NO_COMMON_BLOCKS = YES;
				GCC_OPTIMIZATION_LEVEL = 0;
				GCC_PREPROCESSOR_DEFINITIONS = (
					"DEBUG=1",
					"$(inherited)",
				);
				GCC_WARN_64_TO_32_BIT_CONVERSION = YES;
				GCC_WARN_ABOUT_RETURN_TYPE = YES_ERROR;
				GCC_WARN_UNDECLARED_SELECTOR = YES;
				GCC_WARN_UNINITIALIZED_AUTOS = YES_AGGRESSIVE;
				GCC_WARN_UNUSED_FUNCTION = YES;
				GCC_WARN_UNUSED_VARIABLE = YES;
				IPHONEOS_DEPLOYMENT_TARGET = 10.0;
				MTL_ENABLE_DEBUG_INFO = YES;
				ONLY_ACTIVE_ARCH = YES;
				SDKROOT = iphoneos;
			};
			name = Debug;
		};
		49B2A6D91DC83560008A9F6C /* Release */ = {
			isa = XCBuildConfiguration;
			buildSettings = {
				ALWAYS_SEARCH_USER_PATHS = NO;
				CLANG_ANALYZER_NONNULL = YES;
				CLANG_CXX_LANGUAGE_STANDARD = "gnu++0x";
				CLANG_CXX_LIBRARY = "libc++";
				CLANG_ENABLE_MODULES = YES;
				CLANG_ENABLE_OBJC_ARC = YES;
				CLANG_WARN_BOOL_CONVERSION = YES;
				CLANG_WARN_CONSTANT_CONVERSION = YES;
				CLANG_WARN_DIRECT_OBJC_ISA_USAGE = YES_ERROR;
				CLANG_WARN_DOCUMENTATION_COMMENTS = YES;
				CLANG_WARN_EMPTY_BODY = YES;
				CLANG_WARN_ENUM_CONVERSION = YES;
				CLANG_WARN_INFINITE_RECURSION = YES;
				CLANG_WARN_INT_CONVERSION = YES;
				CLANG_WARN_OBJC_ROOT_CLASS = YES_ERROR;
				CLANG_WARN_SUSPICIOUS_MOVE = YES;
				CLANG_WARN_SUSPICIOUS_MOVES = YES;
				CLANG_WARN_UNREACHABLE_CODE = YES;
				CLANG_WARN__DUPLICATE_METHOD_MATCH = YES;
				"CODE_SIGN_IDENTITY[sdk=iphoneos*]" = "iPhone Developer";
				COPY_PHASE_STRIP = NO;
				DEBUG_INFORMATION_FORMAT = "dwarf-with-dsym";
				ENABLE_NS_ASSERTIONS = NO;
				ENABLE_STRICT_OBJC_MSGSEND = YES;
				GCC_C_LANGUAGE_STANDARD = gnu99;
				GCC_NO_COMMON_BLOCKS = YES;
				GCC_WARN_64_TO_32_BIT_CONVERSION = YES;
				GCC_WARN_ABOUT_RETURN_TYPE = YES_ERROR;
				GCC_WARN_UNDECLARED_SELECTOR = YES;
				GCC_WARN_UNINITIALIZED_AUTOS = YES_AGGRESSIVE;
				GCC_WARN_UNUSED_FUNCTION = YES;
				GCC_WARN_UNUSED_VARIABLE = YES;
				IPHONEOS_DEPLOYMENT_TARGET = 10.0;
				MTL_ENABLE_DEBUG_INFO = NO;
				SDKROOT = iphoneos;
				VALIDATE_PRODUCT = YES;
			};
			name = Release;
		};
		49B2A6DB1DC83560008A9F6C /* Debug */ = {
			isa = XCBuildConfiguration;
			baseConfigurationReference = 8560F5167B50DBF7FF908F80 /* Pods-GYLib.debug.xcconfig */;
			buildSettings = {
				ASSETCATALOG_COMPILER_APPICON_NAME = AppIcon;
				ASSETCATALOG_COMPILER_LAUNCHIMAGE_NAME = LaunchImage;
				DEVELOPMENT_TEAM = 8GVE72H6E5;
				ENABLE_BITCODE = NO;
				FRAMEWORK_SEARCH_PATHS = "$(inherited)";
				INFOPLIST_FILE = GYLib/Info.plist;
				IPHONEOS_DEPLOYMENT_TARGET = 8.0;
				LD_RUNPATH_SEARCH_PATHS = "$(inherited) @executable_path/Frameworks";
				ONLY_ACTIVE_ARCH = NO;
				PRODUCT_BUNDLE_IDENTIFIER = com.CDBTApp.GYLib;
				PRODUCT_NAME = "$(TARGET_NAME)";
				TARGETED_DEVICE_FAMILY = 1;
				VALID_ARCHS = "arm64 armv7 armv7s";
			};
			name = Debug;
		};
		49B2A6DC1DC83560008A9F6C /* Release */ = {
			isa = XCBuildConfiguration;
			baseConfigurationReference = 1EAD3D18D090B24616B41DD0 /* Pods-GYLib.release.xcconfig */;
			buildSettings = {
				ASSETCATALOG_COMPILER_APPICON_NAME = AppIcon;
				ASSETCATALOG_COMPILER_LAUNCHIMAGE_NAME = LaunchImage;
				DEVELOPMENT_TEAM = 8GVE72H6E5;
				ENABLE_BITCODE = NO;
				FRAMEWORK_SEARCH_PATHS = "$(inherited)";
				INFOPLIST_FILE = GYLib/Info.plist;
				IPHONEOS_DEPLOYMENT_TARGET = 8.0;
				LD_RUNPATH_SEARCH_PATHS = "$(inherited) @executable_path/Frameworks";
				ONLY_ACTIVE_ARCH = YES;
				PRODUCT_BUNDLE_IDENTIFIER = com.CDBTApp.GYLib;
				PRODUCT_NAME = "$(TARGET_NAME)";
				TARGETED_DEVICE_FAMILY = 1;
				VALID_ARCHS = "arm64 armv7 armv7s";
			};
			name = Release;
		};
/* End XCBuildConfiguration section */

/* Begin XCConfigurationList section */
		49B2A6BE1DC8355F008A9F6C /* Build configuration list for PBXProject "GYLib" */ = {
			isa = XCConfigurationList;
			buildConfigurations = (
				49B2A6D81DC83560008A9F6C /* Debug */,
				49B2A6D91DC83560008A9F6C /* Release */,
			);
			defaultConfigurationIsVisible = 0;
			defaultConfigurationName = Release;
		};
		49B2A6DA1DC83560008A9F6C /* Build configuration list for PBXNativeTarget "GYLib" */ = {
			isa = XCConfigurationList;
			buildConfigurations = (
				49B2A6DB1DC83560008A9F6C /* Debug */,
				49B2A6DC1DC83560008A9F6C /* Release */,
			);
			defaultConfigurationIsVisible = 0;
			defaultConfigurationName = Release;
		};
/* End XCConfigurationList section */
	};
	rootObject = 49B2A6BB1DC8355F008A9F6C /* Project object */;
}
